
Microsoft Visual Studio Solution File, Format Version 12.00
# Visual Studio Version 17
VisualStudioVersion = 17.2.32616.157
MinimumVisualStudioVersion = 10.0.40219.1
Project("{2150E333-8FDC-42A3-9474-1A3956D46DE8}") = "Solution Items", "Solution Items", "{7B8EC216-52A2-400E-AAA0-52764E05432A}"
	ProjectSection(SolutionItems) = preProject
		..\..\.config\.editorconfig = ..\..\.config\.editorconfig
		.gitattributes = .gitattributes
		.gitignore = .gitignore
	EndProjectSection
EndProject
Project("{9A19103F-16F7-4668-BE54-9A1E7A4F7556}") = "RetireSimple.Backend", "RetireSimple.Backend\RetireSimple.Backend.csproj", "{77B482C9-9710-4AD6-A8C2-7A43A2AF1BB8}"
	ProjectSection(ProjectDependencies) = postProject
		{F6C70AA5-3787-43B0-8AE8-1C400294A696} = {F6C70AA5-3787-43B0-8AE8-1C400294A696}
	EndProjectSection
EndProject
Project("{54A90642-561A-4BB1-A94E-469ADEE60C69}") = "RetireSimple.Frontend", "RetireSimple.Frontend\RetireSimple.Frontend.esproj", "{7C2F73A2-51C4-44C4-A5ED-BFAD4B5AA058}"
EndProject
Project("{9A19103F-16F7-4668-BE54-9A1E7A4F7556}") = "RetireSimple.Tests", "RetireSimple.Tests\RetireSimple.Tests.csproj", "{EF18802F-4E8F-4A64-85EF-9D719084C8FA}"
	ProjectSection(ProjectDependencies) = postProject
		{F6C70AA5-3787-43B0-8AE8-1C400294A696} = {F6C70AA5-3787-43B0-8AE8-1C400294A696}
	EndProjectSection
EndProject
Project("{9A19103F-16F7-4668-BE54-9A1E7A4F7556}") = "RetireSimple.Engine", "RetireSimple.Engine\RetireSimple.Engine.csproj", "{F6C70AA5-3787-43B0-8AE8-1C400294A696}"
EndProject
Project("{9A19103F-16F7-4668-BE54-9A1E7A4F7556}") = "RetireSimple.NewEngine", "RetireSimple.NewEngine\RetireSimple.NewEngine.csproj", "{CD458BA9-C558-41DD-B7BD-71CD363680A6}"
EndProject
Project("{9A19103F-16F7-4668-BE54-9A1E7A4F7556}") = "RetireSimple.NewTests", "RetireSimple.NewTests\RetireSimple.NewTests.csproj", "{D9AE887F-7F80-4E74-BF32-F12B02DBBD26}"
EndProject
Project("{FAE04EC0-301F-11D3-BF4B-00C04F79EFBC}") = "NewBackend", "NewBackend\NewBackend.csproj", "{044C0F67-E41B-47D9-AADA-3DCC0303C3C3}"
EndProject
Global
	GlobalSection(SolutionConfigurationPlatforms) = preSolution
		Debug|Any CPU = Debug|Any CPU
		Release|Any CPU = Release|Any CPU
	EndGlobalSection
	GlobalSection(ProjectConfigurationPlatforms) = postSolution
		{77B482C9-9710-4AD6-A8C2-7A43A2AF1BB8}.Debug|Any CPU.ActiveCfg = Debug|Any CPU
		{77B482C9-9710-4AD6-A8C2-7A43A2AF1BB8}.Debug|Any CPU.Build.0 = Debug|Any CPU
		{77B482C9-9710-4AD6-A8C2-7A43A2AF1BB8}.Release|Any CPU.ActiveCfg = Release|Any CPU
		{77B482C9-9710-4AD6-A8C2-7A43A2AF1BB8}.Release|Any CPU.Build.0 = Release|Any CPU
		{7C2F73A2-51C4-44C4-A5ED-BFAD4B5AA058}.Debug|Any CPU.ActiveCfg = Debug|Any CPU
		{7C2F73A2-51C4-44C4-A5ED-BFAD4B5AA058}.Debug|Any CPU.Build.0 = Debug|Any CPU
		{7C2F73A2-51C4-44C4-A5ED-BFAD4B5AA058}.Debug|Any CPU.Deploy.0 = Debug|Any CPU
		{7C2F73A2-51C4-44C4-A5ED-BFAD4B5AA058}.Release|Any CPU.ActiveCfg = Release|Any CPU
		{7C2F73A2-51C4-44C4-A5ED-BFAD4B5AA058}.Release|Any CPU.Build.0 = Release|Any CPU
		{7C2F73A2-51C4-44C4-A5ED-BFAD4B5AA058}.Release|Any CPU.Deploy.0 = Release|Any CPU
		{EF18802F-4E8F-4A64-85EF-9D719084C8FA}.Debug|Any CPU.ActiveCfg = Debug|Any CPU
		{EF18802F-4E8F-4A64-85EF-9D719084C8FA}.Debug|Any CPU.Build.0 = Debug|Any CPU
		{EF18802F-4E8F-4A64-85EF-9D719084C8FA}.Release|Any CPU.ActiveCfg = Release|Any CPU
		{EF18802F-4E8F-4A64-85EF-9D719084C8FA}.Release|Any CPU.Build.0 = Release|Any CPU
		{F6C70AA5-3787-43B0-8AE8-1C400294A696}.Debug|Any CPU.ActiveCfg = Debug|Any CPU
		{F6C70AA5-3787-43B0-8AE8-1C400294A696}.Debug|Any CPU.Build.0 = Debug|Any CPU
		{F6C70AA5-3787-43B0-8AE8-1C400294A696}.Release|Any CPU.ActiveCfg = Release|Any CPU
		{F6C70AA5-3787-43B0-8AE8-1C400294A696}.Release|Any CPU.Build.0 = Release|Any CPU
		{CD458BA9-C558-41DD-B7BD-71CD363680A6}.Debug|Any CPU.ActiveCfg = Debug|Any CPU
		{CD458BA9-C558-41DD-B7BD-71CD363680A6}.Debug|Any CPU.Build.0 = Debug|Any CPU
		{CD458BA9-C558-41DD-B7BD-71CD363680A6}.Release|Any CPU.ActiveCfg = Release|Any CPU
		{CD458BA9-C558-41DD-B7BD-71CD363680A6}.Release|Any CPU.Build.0 = Release|Any CPU
		{D9AE887F-7F80-4E74-BF32-F12B02DBBD26}.Debug|Any CPU.ActiveCfg = Debug|Any CPU
		{D9AE887F-7F80-4E74-BF32-F12B02DBBD26}.Debug|Any CPU.Build.0 = Debug|Any CPU
		{D9AE887F-7F80-4E74-BF32-F12B02DBBD26}.Release|Any CPU.ActiveCfg = Release|Any CPU
		{D9AE887F-7F80-4E74-BF32-F12B02DBBD26}.Release|Any CPU.Build.0 = Release|Any CPU
		{044C0F67-E41B-47D9-AADA-3DCC0303C3C3}.Debug|Any CPU.ActiveCfg = Debug|Any CPU
		{044C0F67-E41B-47D9-AADA-3DCC0303C3C3}.Debug|Any CPU.Build.0 = Debug|Any CPU
		{044C0F67-E41B-47D9-AADA-3DCC0303C3C3}.Release|Any CPU.ActiveCfg = Release|Any CPU
		{044C0F67-E41B-47D9-AADA-3DCC0303C3C3}.Release|Any CPU.Build.0 = Release|Any CPU
	EndGlobalSection
	GlobalSection(SolutionProperties) = preSolution
		HideSolutionNode = FALSE
	EndGlobalSection
	GlobalSection(ExtensibilityGlobals) = postSolution
		SolutionGuid = {4D873A26-7091-4B13-8E96-51BADD59405B}
	EndGlobalSection
EndGlobal
